
Microsoft Visual Studio Solution File, Format Version 12.00
# Visual Studio Version 17
VisualStudioVersion = 17.9.34902.65
MinimumVisualStudioVersion = 10.0.40219.1
Project("{FAE04EC0-301F-11D3-BF4B-00C04F79EFBC}") = "GDD_Maker", "GDD_Maker.csproj", "{BDCF8558-F67E-4D95-9AC1-6D6C27651569}"
EndProject
Global
	GlobalSection(SolutionConfigurationPlatforms) = preSolution
		Debug|Any CPU = Debug|Any CPU
		Release|Any CPU = Release|Any CPU
	EndGlobalSection
	GlobalSection(ProjectConfigurationPlatforms) = postSolution
		{BDCF8558-F67E-4D95-9AC1-6D6C27651569}.Debug|Any CPU.ActiveCfg = Debug|Any CPU
		{BDCF8558-F67E-4D95-9AC1-6D6C27651569}.Debug|Any CPU.Build.0 = Debug|Any CPU
		{BDCF8558-F67E-4D95-9AC1-6D6C27651569}.Release|Any CPU.ActiveCfg = Release|Any CPU
		{BDCF8558-F67E-4D95-9AC1-6D6C27651569}.Release|Any CPU.Build.0 = Release|Any CPU
	EndGlobalSection
	GlobalSection(SolutionProperties) = preSolution
		HideSolutionNode = FALSE
	EndGlobalSection
	GlobalSection(ExtensibilityGlobals) = postSolution
		SolutionGuid = {E8746E39-2D22-43BA-9333-AF8BF7FF73F5}
	EndGlobalSection
EndGlobal
